
Microsoft Visual Studio Solution File, Format Version 12.00
# Visual Studio Version 16
VisualStudioVersion = 16.0.34407.143
MinimumVisualStudioVersion = 10.0.40219.1
Project("{FAE04EC0-301F-11D3-BF4B-00C04F79EFBC}") = "Array_Assignment", "Array_Assignment\Array_Assignment.csproj", "{3594145E-62B7-4BBC-A1DA-257E324B9D60}"
EndProject
Global
	GlobalSection(SolutionConfigurationPlatforms) = preSolution
		Debug|Any CPU = Debug|Any CPU
		Release|Any CPU = Release|Any CPU
	EndGlobalSection
	GlobalSection(ProjectConfigurationPlatforms) = postSolution
		{3594145E-62B7-4BBC-A1DA-257E324B9D60}.Debug|Any CPU.ActiveCfg = Debug|Any CPU
		{3594145E-62B7-4BBC-A1DA-257E324B9D60}.Debug|Any CPU.Build.0 = Debug|Any CPU
		{3594145E-62B7-4BBC-A1DA-257E324B9D60}.Release|Any CPU.ActiveCfg = Release|Any CPU
		{3594145E-62B7-4BBC-A1DA-257E324B9D60}.Release|Any CPU.Build.0 = Release|Any CPU
	EndGlobalSection
	GlobalSection(SolutionProperties) = preSolution
		HideSolutionNode = FALSE
	EndGlobalSection
	GlobalSection(ExtensibilityGlobals) = postSolution
		SolutionGuid = {8AC0919C-2EFE-4428-875A-6F11D843EBA6}
	EndGlobalSection
EndGlobal
