
Microsoft Visual Studio Solution File, Format Version 12.00
# Visual Studio Version 16
VisualStudioVersion = 16.0.34407.143
MinimumVisualStudioVersion = 10.0.40219.1
Project("{FAE04EC0-301F-11D3-BF4B-00C04F79EFBC}") = "CarInsurance", "CarInsurance\CarInsurance.csproj", "{8F2932A3-389F-4F9D-9F16-2494774105A8}"
EndProject
Global
	GlobalSection(SolutionConfigurationPlatforms) = preSolution
		Debug|Any CPU = Debug|Any CPU
		Release|Any CPU = Release|Any CPU
	EndGlobalSection
	GlobalSection(ProjectConfigurationPlatforms) = postSolution
		{8F2932A3-389F-4F9D-9F16-2494774105A8}.Debug|Any CPU.ActiveCfg = Debug|Any CPU
		{8F2932A3-389F-4F9D-9F16-2494774105A8}.Debug|Any CPU.Build.0 = Debug|Any CPU
		{8F2932A3-389F-4F9D-9F16-2494774105A8}.Release|Any CPU.ActiveCfg = Release|Any CPU
		{8F2932A3-389F-4F9D-9F16-2494774105A8}.Release|Any CPU.Build.0 = Release|Any CPU
	EndGlobalSection
	GlobalSection(SolutionProperties) = preSolution
		HideSolutionNode = FALSE
	EndGlobalSection
	GlobalSection(ExtensibilityGlobals) = postSolution
		SolutionGuid = {390BA510-0A0F-40A0-A095-239A4052731C}
	EndGlobalSection
EndGlobal
