
Microsoft Visual Studio Solution File, Format Version 12.00
# Visual Studio Version 16
VisualStudioVersion = 16.0.34407.143
MinimumVisualStudioVersion = 10.0.40219.1
Project("{FAE04EC0-301F-11D3-BF4B-00C04F79EFBC}") = "TechAcadStudentsMVC", "TechAcadStudentsMVC\TechAcadStudentsMVC.csproj", "{ACA6BA5D-BC08-4F64-91ED-F0355BCFA968}"
EndProject
Global
	GlobalSection(SolutionConfigurationPlatforms) = preSolution
		Debug|Any CPU = Debug|Any CPU
		Release|Any CPU = Release|Any CPU
	EndGlobalSection
	GlobalSection(ProjectConfigurationPlatforms) = postSolution
		{ACA6BA5D-BC08-4F64-91ED-F0355BCFA968}.Debug|Any CPU.ActiveCfg = Debug|Any CPU
		{ACA6BA5D-BC08-4F64-91ED-F0355BCFA968}.Debug|Any CPU.Build.0 = Debug|Any CPU
		{ACA6BA5D-BC08-4F64-91ED-F0355BCFA968}.Release|Any CPU.ActiveCfg = Release|Any CPU
		{ACA6BA5D-BC08-4F64-91ED-F0355BCFA968}.Release|Any CPU.Build.0 = Release|Any CPU
	EndGlobalSection
	GlobalSection(SolutionProperties) = preSolution
		HideSolutionNode = FALSE
	EndGlobalSection
	GlobalSection(ExtensibilityGlobals) = postSolution
		SolutionGuid = {C2A46245-9D72-483B-A5CF-3546D33D0068}
	EndGlobalSection
EndGlobal
