
Microsoft Visual Studio Solution File, Format Version 12.00
# Visual Studio Version 16
VisualStudioVersion = 16.0.34407.143
MinimumVisualStudioVersion = 10.0.40219.1
Project("{FAE04EC0-301F-11D3-BF4B-00C04F79EFBC}") = "String_Assignment", "String_Assignment\String_Assignment.csproj", "{B638DA4C-9CF9-4397-97BD-EF2923D7C778}"
EndProject
Global
	GlobalSection(SolutionConfigurationPlatforms) = preSolution
		Debug|Any CPU = Debug|Any CPU
		Release|Any CPU = Release|Any CPU
	EndGlobalSection
	GlobalSection(ProjectConfigurationPlatforms) = postSolution
		{B638DA4C-9CF9-4397-97BD-EF2923D7C778}.Debug|Any CPU.ActiveCfg = Debug|Any CPU
		{B638DA4C-9CF9-4397-97BD-EF2923D7C778}.Debug|Any CPU.Build.0 = Debug|Any CPU
		{B638DA4C-9CF9-4397-97BD-EF2923D7C778}.Release|Any CPU.ActiveCfg = Release|Any CPU
		{B638DA4C-9CF9-4397-97BD-EF2923D7C778}.Release|Any CPU.Build.0 = Release|Any CPU
	EndGlobalSection
	GlobalSection(SolutionProperties) = preSolution
		HideSolutionNode = FALSE
	EndGlobalSection
	GlobalSection(ExtensibilityGlobals) = postSolution
		SolutionGuid = {F94CE84E-D96B-4802-88D6-BF6592CBA18A}
	EndGlobalSection
EndGlobal
