
Microsoft Visual Studio Solution File, Format Version 12.00
# Visual Studio Version 16
VisualStudioVersion = 16.0.34407.143
MinimumVisualStudioVersion = 10.0.40219.1
Project("{FAE04EC0-301F-11D3-BF4B-00C04F79EFBC}") = "TwentyOne", "TwentyOne\TwentyOne.csproj", "{9085F162-962D-455C-80C0-E1091E3B0929}"
EndProject
Project("{FAE04EC0-301F-11D3-BF4B-00C04F79EFBC}") = "Casino", "Casino\Casino.csproj", "{5C15A0EA-367C-4339-A3F5-8B4168BC4579}"
EndProject
Global
	GlobalSection(SolutionConfigurationPlatforms) = preSolution
		Debug|Any CPU = Debug|Any CPU
		Release|Any CPU = Release|Any CPU
	EndGlobalSection
	GlobalSection(ProjectConfigurationPlatforms) = postSolution
		{9085F162-962D-455C-80C0-E1091E3B0929}.Debug|Any CPU.ActiveCfg = Debug|Any CPU
		{9085F162-962D-455C-80C0-E1091E3B0929}.Debug|Any CPU.Build.0 = Debug|Any CPU
		{9085F162-962D-455C-80C0-E1091E3B0929}.Release|Any CPU.ActiveCfg = Release|Any CPU
		{9085F162-962D-455C-80C0-E1091E3B0929}.Release|Any CPU.Build.0 = Release|Any CPU
		{5C15A0EA-367C-4339-A3F5-8B4168BC4579}.Debug|Any CPU.ActiveCfg = Debug|Any CPU
		{5C15A0EA-367C-4339-A3F5-8B4168BC4579}.Debug|Any CPU.Build.0 = Debug|Any CPU
		{5C15A0EA-367C-4339-A3F5-8B4168BC4579}.Release|Any CPU.ActiveCfg = Release|Any CPU
		{5C15A0EA-367C-4339-A3F5-8B4168BC4579}.Release|Any CPU.Build.0 = Release|Any CPU
	EndGlobalSection
	GlobalSection(SolutionProperties) = preSolution
		HideSolutionNode = FALSE
	EndGlobalSection
	GlobalSection(ExtensibilityGlobals) = postSolution
		SolutionGuid = {6976E3CC-99E1-4E8B-9EE4-F9016E2550B8}
	EndGlobalSection
EndGlobal
